Microsoft Visual Studio Solution File, Format Version 12.00
# Visual Studio 2013
VisualStudioVersion = 12.0.30723.0
MinimumVisualStudioVersion = 10.0.40219.1
Project("{8BC9CEB8-8B4A-11D0-8D11-00A0C91BC942}") = "FTPServer", "FTPServer\FTPServer.vcxproj", "{EE338993-535B-4ECB-9DF5-057D43812C1D}"
EndProject
Project("{8BC9CEB8-8B4A-11D0-8D11-00A0C91BC942}") = "FTPClient", "FTPClient\FTPClient.vcxproj", "{48011505-4458-40DD-93E2-8918AC621D00}"
EndProject
Global
	GlobalSection(SolutionConfigurationPlatforms) = preSolution
		Debug|Win32 = Debug|Win32
		Release|Win32 = Release|Win32
	EndGlobalSection
	GlobalSection(ProjectConfigurationPlatforms) = postSolution
		{EE338993-535B-4ECB-9DF5-057D43812C1D}.Debug|Win32.ActiveCfg = Debug|Win32
		{EE338993-535B-4ECB-9DF5-057D43812C1D}.Debug|Win32.Build.0 = Debug|Win32
		{EE338993-535B-4ECB-9DF5-057D43812C1D}.Release|Win32.ActiveCfg = Release|Win32
		{EE338993-535B-4ECB-9DF5-057D43812C1D}.Release|Win32.Build.0 = Release|Win32
		{48011505-4458-40DD-93E2-8918AC621D00}.Debug|Win32.ActiveCfg = Debug|Win32
		{48011505-4458-40DD-93E2-8918AC621D00}.Debug|Win32.Build.0 = Debug|Win32
		{48011505-4458-40DD-93E2-8918AC621D00}.Release|Win32.ActiveCfg = Release|Win32
		{48011505-4458-40DD-93E2-8918AC621D00}.Release|Win32.Build.0 = Release|Win32
	EndGlobalSection
	GlobalSection(SolutionProperties) = preSolution
		HideSolutionNode = FALSE
	EndGlobalSection
EndGlobal
